
Microsoft Visual Studio Solution File, Format Version 12.00
# Visual Studio Version 17
VisualStudioVersion = 17.1.32421.90
MinimumVisualStudioVersion = 10.0.40219.1
Project("{FAE04EC0-301F-11D3-BF4B-00C04F79EFBC}") = "WpfApp7", "WpfApp7\WpfApp7.csproj", "{B105BA01-1158-40EE-98A5-C45D12B03E72}"
EndProject
Global
	GlobalSection(SolutionConfigurationPlatforms) = preSolution
		Debug|Any CPU = Debug|Any CPU
		Release|Any CPU = Release|Any CPU
	EndGlobalSection
	GlobalSection(ProjectConfigurationPlatforms) = postSolution
		{B105BA01-1158-40EE-98A5-C45D12B03E72}.Debug|Any CPU.ActiveCfg = Debug|Any CPU
		{B105BA01-1158-40EE-98A5-C45D12B03E72}.Debug|Any CPU.Build.0 = Debug|Any CPU
		{B105BA01-1158-40EE-98A5-C45D12B03E72}.Release|Any CPU.ActiveCfg = Release|Any CPU
		{B105BA01-1158-40EE-98A5-C45D12B03E72}.Release|Any CPU.Build.0 = Release|Any CPU
	EndGlobalSection
	GlobalSection(SolutionProperties) = preSolution
		HideSolutionNode = FALSE
	EndGlobalSection
	GlobalSection(ExtensibilityGlobals) = postSolution
		SolutionGuid = {1722EB3B-8959-4D7B-B0C4-06EE1B112D03}
	EndGlobalSection
EndGlobal
